
Microsoft Visual Studio Solution File, Format Version 12.00
# Visual Studio Version 17
VisualStudioVersion = 17.6.33815.320
MinimumVisualStudioVersion = 10.0.40219.1
Project("{FAE04EC0-301F-11D3-BF4B-00C04F79EFBC}") = "WebProject1ii", "WebProject1ii\WebProject1ii.csproj", "{B7ACD7DC-79B8-41C3-A7DA-3BED2585A599}"
EndProject
Global
	GlobalSection(SolutionConfigurationPlatforms) = preSolution
		Debug|Any CPU = Debug|Any CPU
		Release|Any CPU = Release|Any CPU
	EndGlobalSection
	GlobalSection(ProjectConfigurationPlatforms) = postSolution
		{B7ACD7DC-79B8-41C3-A7DA-3BED2585A599}.Debug|Any CPU.ActiveCfg = Debug|Any CPU
		{B7ACD7DC-79B8-41C3-A7DA-3BED2585A599}.Debug|Any CPU.Build.0 = Debug|Any CPU
		{B7ACD7DC-79B8-41C3-A7DA-3BED2585A599}.Release|Any CPU.ActiveCfg = Release|Any CPU
		{B7ACD7DC-79B8-41C3-A7DA-3BED2585A599}.Release|Any CPU.Build.0 = Release|Any CPU
	EndGlobalSection
	GlobalSection(SolutionProperties) = preSolution
		HideSolutionNode = FALSE
	EndGlobalSection
	GlobalSection(ExtensibilityGlobals) = postSolution
		SolutionGuid = {6D430CA1-23A9-4CC5-A77D-E1334E8E2A88}
	EndGlobalSection
EndGlobal
